
Microsoft Visual Studio Solution File, Format Version 12.00
# Visual Studio 2012
Project("{FAE04EC0-301F-11D3-BF4B-00C04F79EFBC}") = "LuckyBeer.iOS", "iOS\LuckyBeer.iOS.csproj", "{3B749BF5-EB50-40F9-8955-7545FF64AB7C}"
EndProject
Project("{FAE04EC0-301F-11D3-BF4B-00C04F79EFBC}") = "LuckyBeer.Droid", "Droid\LuckyBeer.Droid.csproj", "{7248FCB1-8215-466E-827A-9A3CB4AAA0AB}"
EndProject
Project("{FAE04EC0-301F-11D3-BF4B-00C04F79EFBC}") = "LuckyBeer", "LuckyBeer\LuckyBeer.csproj", "{CF068D25-265F-49D9-A0BE-42CD4236B1D2}"
EndProject
Global
	GlobalSection(SolutionConfigurationPlatforms) = preSolution
		Debug|Any CPU = Debug|Any CPU
		Release|Any CPU = Release|Any CPU
		Debug|iPhoneSimulator = Debug|iPhoneSimulator
		Release|iPhone = Release|iPhone
		Release|iPhoneSimulator = Release|iPhoneSimulator
		Debug|iPhone = Debug|iPhone
	EndGlobalSection
	GlobalSection(ProjectConfigurationPlatforms) = postSolution
		{3B749BF5-EB50-40F9-8955-7545FF64AB7C}.Debug|Any CPU.ActiveCfg = Debug|iPhoneSimulator
		{3B749BF5-EB50-40F9-8955-7545FF64AB7C}.Debug|Any CPU.Build.0 = Debug|iPhoneSimulator
		{3B749BF5-EB50-40F9-8955-7545FF64AB7C}.Release|Any CPU.ActiveCfg = Release|iPhone
		{3B749BF5-EB50-40F9-8955-7545FF64AB7C}.Release|Any CPU.Build.0 = Release|iPhone
		{3B749BF5-EB50-40F9-8955-7545FF64AB7C}.Debug|iPhoneSimulator.ActiveCfg = Debug|iPhoneSimulator
		{3B749BF5-EB50-40F9-8955-7545FF64AB7C}.Debug|iPhoneSimulator.Build.0 = Debug|iPhoneSimulator
		{3B749BF5-EB50-40F9-8955-7545FF64AB7C}.Release|iPhone.ActiveCfg = Release|iPhone
		{3B749BF5-EB50-40F9-8955-7545FF64AB7C}.Release|iPhone.Build.0 = Release|iPhone
		{3B749BF5-EB50-40F9-8955-7545FF64AB7C}.Release|iPhoneSimulator.ActiveCfg = Release|iPhoneSimulator
		{3B749BF5-EB50-40F9-8955-7545FF64AB7C}.Release|iPhoneSimulator.Build.0 = Release|iPhoneSimulator
		{3B749BF5-EB50-40F9-8955-7545FF64AB7C}.Debug|iPhone.ActiveCfg = Debug|iPhone
		{3B749BF5-EB50-40F9-8955-7545FF64AB7C}.Debug|iPhone.Build.0 = Debug|iPhone
		{7248FCB1-8215-466E-827A-9A3CB4AAA0AB}.Debug|Any CPU.ActiveCfg = Debug|Any CPU
		{7248FCB1-8215-466E-827A-9A3CB4AAA0AB}.Debug|Any CPU.Build.0 = Debug|Any CPU
		{7248FCB1-8215-466E-827A-9A3CB4AAA0AB}.Release|Any CPU.ActiveCfg = Release|Any CPU
		{7248FCB1-8215-466E-827A-9A3CB4AAA0AB}.Release|Any CPU.Build.0 = Release|Any CPU
		{7248FCB1-8215-466E-827A-9A3CB4AAA0AB}.Debug|iPhoneSimulator.ActiveCfg = Debug|Any CPU
		{7248FCB1-8215-466E-827A-9A3CB4AAA0AB}.Debug|iPhoneSimulator.Build.0 = Debug|Any CPU
		{7248FCB1-8215-466E-827A-9A3CB4AAA0AB}.Release|iPhone.ActiveCfg = Release|Any CPU
		{7248FCB1-8215-466E-827A-9A3CB4AAA0AB}.Release|iPhone.Build.0 = Release|Any CPU
		{7248FCB1-8215-466E-827A-9A3CB4AAA0AB}.Release|iPhoneSimulator.ActiveCfg = Release|Any CPU
		{7248FCB1-8215-466E-827A-9A3CB4AAA0AB}.Release|iPhoneSimulator.Build.0 = Release|Any CPU
		{7248FCB1-8215-466E-827A-9A3CB4AAA0AB}.Debug|iPhone.ActiveCfg = Debug|Any CPU
		{7248FCB1-8215-466E-827A-9A3CB4AAA0AB}.Debug|iPhone.Build.0 = Debug|Any CPU
		{CF068D25-265F-49D9-A0BE-42CD4236B1D2}.Debug|Any CPU.ActiveCfg = Debug|Any CPU
		{CF068D25-265F-49D9-A0BE-42CD4236B1D2}.Debug|Any CPU.Build.0 = Debug|Any CPU
		{CF068D25-265F-49D9-A0BE-42CD4236B1D2}.Release|Any CPU.ActiveCfg = Release|Any CPU
		{CF068D25-265F-49D9-A0BE-42CD4236B1D2}.Release|Any CPU.Build.0 = Release|Any CPU
		{CF068D25-265F-49D9-A0BE-42CD4236B1D2}.Debug|iPhoneSimulator.ActiveCfg = Debug|Any CPU
		{CF068D25-265F-49D9-A0BE-42CD4236B1D2}.Debug|iPhoneSimulator.Build.0 = Debug|Any CPU
		{CF068D25-265F-49D9-A0BE-42CD4236B1D2}.Release|iPhone.ActiveCfg = Release|Any CPU
		{CF068D25-265F-49D9-A0BE-42CD4236B1D2}.Release|iPhone.Build.0 = Release|Any CPU
		{CF068D25-265F-49D9-A0BE-42CD4236B1D2}.Release|iPhoneSimulator.ActiveCfg = Release|Any CPU
		{CF068D25-265F-49D9-A0BE-42CD4236B1D2}.Release|iPhoneSimulator.Build.0 = Release|Any CPU
		{CF068D25-265F-49D9-A0BE-42CD4236B1D2}.Debug|iPhone.ActiveCfg = Debug|Any CPU
		{CF068D25-265F-49D9-A0BE-42CD4236B1D2}.Debug|iPhone.Build.0 = Debug|Any CPU
	EndGlobalSection
EndGlobal
